{
  "name": "work_vue",
  "version": "1.0.0",
  "lockfileVersion": 1,
  "requires": true,
  "dependencies": {
    "vuetify": {
      "version": "1.5.14",
      "resolved": "https://registry.npmjs.org/vuetify/-/vuetify-1.5.14.tgz",
      "integrity": "sha512-7iM+TfghR/wu/Gl+k37lKr0N8Ddr6SxzqHtoK1dIyHgCH6SJRkpaXPw2MC5/FsAg9aUDJbYNWrzSeu5eHw+Q/w=="
    }
  }
}
